
Microsoft Visual Studio Solution File, Format Version 12.00
# Visual Studio 15
VisualStudioVersion = 15.0.26730.12
MinimumVisualStudioVersion = 10.0.40219.1
Project("{FAE04EC0-301F-11D3-BF4B-00C04F79EFBC}") = "CopyField", "CopyField\CopyField.csproj", "{8A06972F-DE82-42CD-BFA9-42D5A42E308B}"
EndProject
Global
	GlobalSection(SolutionConfigurationPlatforms) = preSolution
		Debug|Any CPU = Debug|Any CPU
		Release|Any CPU = Release|Any CPU
	EndGlobalSection
	GlobalSection(ProjectConfigurationPlatforms) = postSolution
		{8A06972F-DE82-42CD-BFA9-42D5A42E308B}.Debug|Any CPU.ActiveCfg = Debug|Any CPU
		{8A06972F-DE82-42CD-BFA9-42D5A42E308B}.Debug|Any CPU.Build.0 = Debug|Any CPU
		{8A06972F-DE82-42CD-BFA9-42D5A42E308B}.Release|Any CPU.ActiveCfg = Release|Any CPU
		{8A06972F-DE82-42CD-BFA9-42D5A42E308B}.Release|Any CPU.Build.0 = Release|Any CPU
	EndGlobalSection
	GlobalSection(SolutionProperties) = preSolution
		HideSolutionNode = FALSE
	EndGlobalSection
	GlobalSection(ExtensibilityGlobals) = postSolution
		SolutionGuid = {F156BB04-C9ED-4137-AD3A-C8BE944BC7E5}
	EndGlobalSection
EndGlobal
